{
    "_meta": {
        "hash": {
            "sha256": "e33619b164e7fe70f9d2d66fb2a1d8fc72f53aa9c854a221e83574ef459facef"
        },
        "pipfile-spec": 6,
        "requires": {
            "python_version": "3.6"
        },
        "sources": [
            {
                "name": "pypi",
                "url": "https://pypi.org/simple",
                "verify_ssl": true
            }
        ]
    },
    "default": {
        "watchgod": {
            "hashes": [
                "sha256:59700dab7445aa8e6067a5b94f37bae90fc367554549b1ed2e9d0f4f38a90d2a",
                "sha256:e9cca0ab9c63f17fc85df9fd8bd18156ff00aff04ebe5976cee473f4968c6858"
            ],
            "index": "pypi",
            "version": "==0.6"
        }
    },
    "develop": {}
}
